
Microsoft Visual Studio Solution File, Format Version 12.00
# Visual Studio 14
VisualStudioVersion = 14.0.25420.1
MinimumVisualStudioVersion = 10.0.40219.1
Project("{FAE04EC0-301F-11D3-BF4B-00C04F79EFBC}") = "AspNetIdentityMockIdentitySamples", "AspNetIdentityMockIdentitySamples\AspNetIdentityMockIdentitySamples.csproj", "{14811B7D-B5A6-4408-B26F-A3ECDA941570}"
EndProject
Project("{FAE04EC0-301F-11D3-BF4B-00C04F79EFBC}") = "AspNetIdentityMockIdentitySamples.Tests", "AspNetIdentityMockIdentitySamples.Tests\AspNetIdentityMockIdentitySamples.Tests.csproj", "{A7E2562B-85E2-469F-821D-06F52259EAF8}"
EndProject
Global
	GlobalSection(SolutionConfigurationPlatforms) = preSolution
		Debug|Any CPU = Debug|Any CPU
		Release|Any CPU = Release|Any CPU
	EndGlobalSection
	GlobalSection(ProjectConfigurationPlatforms) = postSolution
		{14811B7D-B5A6-4408-B26F-A3ECDA941570}.Debug|Any CPU.ActiveCfg = Debug|Any CPU
		{14811B7D-B5A6-4408-B26F-A3ECDA941570}.Debug|Any CPU.Build.0 = Debug|Any CPU
		{14811B7D-B5A6-4408-B26F-A3ECDA941570}.Release|Any CPU.ActiveCfg = Release|Any CPU
		{14811B7D-B5A6-4408-B26F-A3ECDA941570}.Release|Any CPU.Build.0 = Release|Any CPU
		{A7E2562B-85E2-469F-821D-06F52259EAF8}.Debug|Any CPU.ActiveCfg = Debug|Any CPU
		{A7E2562B-85E2-469F-821D-06F52259EAF8}.Debug|Any CPU.Build.0 = Debug|Any CPU
		{A7E2562B-85E2-469F-821D-06F52259EAF8}.Release|Any CPU.ActiveCfg = Release|Any CPU
		{A7E2562B-85E2-469F-821D-06F52259EAF8}.Release|Any CPU.Build.0 = Release|Any CPU
	EndGlobalSection
	GlobalSection(SolutionProperties) = preSolution
		HideSolutionNode = FALSE
	EndGlobalSection
EndGlobal
